
Microsoft Visual Studio Solution File, Format Version 12.00
# Visual Studio 2013
VisualStudioVersion = 12.0.31101.0
MinimumVisualStudioVersion = 10.0.40219.1
Project("{FAE04EC0-301F-11D3-BF4B-00C04F79EFBC}") = "Calculator", "Calculator\Calculator.csproj", "{6095F768-E235-452C-AEE4-6362929016C4}"
EndProject
Project("{FAE04EC0-301F-11D3-BF4B-00C04F79EFBC}") = "UserInput", "UserInput\UserInput.csproj", "{0867066B-DB63-4B0E-84F7-89B65BB57E3F}"
EndProject
Project("{FAE04EC0-301F-11D3-BF4B-00C04F79EFBC}") = "About", "About\About.csproj", "{52A2CDAE-11F2-48E5-9590-EB81C52E99A0}"
EndProject
Project("{FAE04EC0-301F-11D3-BF4B-00C04F79EFBC}") = "Colors", "Colors\Colors.csproj", "{65148027-FDC4-4076-8FBB-60D79EF69F40}"
EndProject
Project("{FAE04EC0-301F-11D3-BF4B-00C04F79EFBC}") = "Calculations", "Calculations\Calculations.csproj", "{4301B52C-E1FA-4F54-A35D-650E09CC22F2}"
EndProject
Global
	GlobalSection(SolutionConfigurationPlatforms) = preSolution
		Debug|Any CPU = Debug|Any CPU
		Release|Any CPU = Release|Any CPU
	EndGlobalSection
	GlobalSection(ProjectConfigurationPlatforms) = postSolution
		{6095F768-E235-452C-AEE4-6362929016C4}.Debug|Any CPU.ActiveCfg = Debug|Any CPU
		{6095F768-E235-452C-AEE4-6362929016C4}.Debug|Any CPU.Build.0 = Debug|Any CPU
		{6095F768-E235-452C-AEE4-6362929016C4}.Release|Any CPU.ActiveCfg = Release|Any CPU
		{6095F768-E235-452C-AEE4-6362929016C4}.Release|Any CPU.Build.0 = Release|Any CPU
		{0867066B-DB63-4B0E-84F7-89B65BB57E3F}.Debug|Any CPU.ActiveCfg = Debug|Any CPU
		{0867066B-DB63-4B0E-84F7-89B65BB57E3F}.Debug|Any CPU.Build.0 = Debug|Any CPU
		{0867066B-DB63-4B0E-84F7-89B65BB57E3F}.Release|Any CPU.ActiveCfg = Release|Any CPU
		{0867066B-DB63-4B0E-84F7-89B65BB57E3F}.Release|Any CPU.Build.0 = Release|Any CPU
		{52A2CDAE-11F2-48E5-9590-EB81C52E99A0}.Debug|Any CPU.ActiveCfg = Debug|Any CPU
		{52A2CDAE-11F2-48E5-9590-EB81C52E99A0}.Debug|Any CPU.Build.0 = Debug|Any CPU
		{52A2CDAE-11F2-48E5-9590-EB81C52E99A0}.Release|Any CPU.ActiveCfg = Release|Any CPU
		{52A2CDAE-11F2-48E5-9590-EB81C52E99A0}.Release|Any CPU.Build.0 = Release|Any CPU
		{65148027-FDC4-4076-8FBB-60D79EF69F40}.Debug|Any CPU.ActiveCfg = Debug|Any CPU
		{65148027-FDC4-4076-8FBB-60D79EF69F40}.Debug|Any CPU.Build.0 = Debug|Any CPU
		{65148027-FDC4-4076-8FBB-60D79EF69F40}.Release|Any CPU.ActiveCfg = Release|Any CPU
		{65148027-FDC4-4076-8FBB-60D79EF69F40}.Release|Any CPU.Build.0 = Release|Any CPU
		{4301B52C-E1FA-4F54-A35D-650E09CC22F2}.Debug|Any CPU.ActiveCfg = Debug|Any CPU
		{4301B52C-E1FA-4F54-A35D-650E09CC22F2}.Debug|Any CPU.Build.0 = Debug|Any CPU
		{4301B52C-E1FA-4F54-A35D-650E09CC22F2}.Release|Any CPU.ActiveCfg = Release|Any CPU
		{4301B52C-E1FA-4F54-A35D-650E09CC22F2}.Release|Any CPU.Build.0 = Release|Any CPU
	EndGlobalSection
	GlobalSection(SolutionProperties) = preSolution
		HideSolutionNode = FALSE
	EndGlobalSection
EndGlobal
